// !$*UTF8*$!
{
	archiveVersion = 1;
	classes = {
	};
	objectVersion = 48;
	objects = {

/* Begin PBXBuildFile section */
		15A14284E690F6B8B5B58D9B /* Config.swift in Sources */ = {isa = PBXBuildFile; fileRef = 15A141B7B07431C2AF43DCF0 /* Config.swift */; };
		15A142AB558ED3E9B7EF5AE2 /* MofiWindow.swift in Sources */ = {isa = PBXBuildFile; fileRef = 15A149F287101A61757C3705 /* MofiWindow.swift */; };
		15A14A0BD858323C746F1445 /* MofiTableView.swift in Sources */ = {isa = PBXBuildFile; fileRef = 15A147E83F58165C6D34B348 /* MofiTableView.swift */; };
		15A14B0FE6978F2B5B1417CD /* SearchTextField.swift in Sources */ = {isa = PBXBuildFile; fileRef = 15A142D5C5C2FC324B0F29E9 /* SearchTextField.swift */; };
		15A14B39AB8A4E4D7CB2E73D /* BorderView.swift in Sources */ = {isa = PBXBuildFile; fileRef = 15A143620655553C14C8887E /* BorderView.swift */; };
		C44A99C4201B74AC00482437 /* AppDelegate.swift in Sources */ = {isa = PBXBuildFile; fileRef = C44A99C3201B74AC00482437 /* AppDelegate.swift */; };
		C44A99C8201B74AC00482437 /* Assets.xcassets in Resources */ = {isa = PBXBuildFile; fileRef = C44A99C7201B74AC00482437 /* Assets.xcassets */; };
		C4EDAA94201C5B1F009F80AB /* main.swift in Sources */ = {isa = PBXBuildFile; fileRef = C4EDAA93201C5B1F009F80AB /* main.swift */; };
		C4EDAA99201E22F4009F80AB /* Yams.framework in Frameworks */ = {isa = PBXBuildFile; fileRef = C4EDAA98201E22F3009F80AB /* Yams.framework */; };
/* End PBXBuildFile section */

/* Begin PBXFileReference section */
		15A141B7B07431C2AF43DCF0 /* Config.swift */ = {isa = PBXFileReference; fileEncoding = 4; lastKnownFileType = sourcecode.swift; path = Config.swift; sourceTree = "<group>"; };
		15A142D5C5C2FC324B0F29E9 /* SearchTextField.swift */ = {isa = PBXFileReference; fileEncoding = 4; lastKnownFileType = sourcecode.swift; path = SearchTextField.swift; sourceTree = "<group>"; };
		15A143620655553C14C8887E /* BorderView.swift */ = {isa = PBXFileReference; fileEncoding = 4; lastKnownFileType = sourcecode.swift; path = BorderView.swift; sourceTree = "<group>"; };
		15A147E83F58165C6D34B348 /* MofiTableView.swift */ = {isa = PBXFileReference; fileEncoding = 4; lastKnownFileType = sourcecode.swift; path = MofiTableView.swift; sourceTree = "<group>"; };
		15A149F287101A61757C3705 /* MofiWindow.swift */ = {isa = PBXFileReference; fileEncoding = 4; lastKnownFileType = sourcecode.swift; path = MofiWindow.swift; sourceTree = "<group>"; };
		C44A99C0201B74AC00482437 /* mofi.app */ = {isa = PBXFileReference; explicitFileType = wrapper.application; includeInIndex = 0; path = mofi.app; sourceTree = BUILT_PRODUCTS_DIR; };
		C44A99C3201B74AC00482437 /* AppDelegate.swift */ = {isa = PBXFileReference; lastKnownFileType = sourcecode.swift; path = AppDelegate.swift; sourceTree = "<group>"; };
		C44A99C7201B74AC00482437 /* Assets.xcassets */ = {isa = PBXFileReference; lastKnownFileType = folder.assetcatalog; path = Assets.xcassets; sourceTree = "<group>"; };
		C44A99CC201B74AC00482437 /* Info.plist */ = {isa = PBXFileReference; lastKnownFileType = text.plist.xml; path = Info.plist; sourceTree = "<group>"; };
		C44A99CD201B74AC00482437 /* mofi.entitlements */ = {isa = PBXFileReference; lastKnownFileType = text.plist.entitlements; path = mofi.entitlements; sourceTree = "<group>"; };
		C4EDAA93201C5B1F009F80AB /* main.swift */ = {isa = PBXFileReference; lastKnownFileType = sourcecode.swift; path = main.swift; sourceTree = "<group>"; };
		C4EDAA98201E22F3009F80AB /* Yams.framework */ = {isa = PBXFileReference; lastKnownFileType = wrapper.framework; name = Yams.framework; path = Carthage/Build/Mac/Yams.framework; sourceTree = "<group>"; };
/* End PBXFileReference section */

/* Begin PBXFrameworksBuildPhase section */
		C44A99BD201B74AC00482437 /* Frameworks */ = {
			isa = PBXFrameworksBuildPhase;
			buildActionMask = 2147483647;
			files = (
				C4EDAA99201E22F4009F80AB /* Yams.framework in Frameworks */,
			);
			runOnlyForDeploymentPostprocessing = 0;
		};
/* End PBXFrameworksBuildPhase section */

/* Begin PBXGroup section */
		15A1449315D63A051C0048F4 /* view */ = {
			isa = PBXGroup;
			children = (
				15A143620655553C14C8887E /* BorderView.swift */,
				15A149F287101A61757C3705 /* MofiWindow.swift */,
				15A147E83F58165C6D34B348 /* MofiTableView.swift */,
				15A142D5C5C2FC324B0F29E9 /* SearchTextField.swift */,
			);
			path = view;
			sourceTree = "<group>";
		};
		C44A99B7201B74AC00482437 = {
			isa = PBXGroup;
			children = (
				C44A99C2201B74AC00482437 /* mofi */,
				C44A99C1201B74AC00482437 /* Products */,
				C4EDAA97201E22F3009F80AB /* Frameworks */,
			);
			sourceTree = "<group>";
		};
		C44A99C1201B74AC00482437 /* Products */ = {
			isa = PBXGroup;
			children = (
				C44A99C0201B74AC00482437 /* mofi.app */,
			);
			name = Products;
			sourceTree = "<group>";
		};
		C44A99C2201B74AC00482437 /* mofi */ = {
			isa = PBXGroup;
			children = (
				C44A99C3201B74AC00482437 /* AppDelegate.swift */,
				C44A99C7201B74AC00482437 /* Assets.xcassets */,
				C44A99CC201B74AC00482437 /* Info.plist */,
				C44A99CD201B74AC00482437 /* mofi.entitlements */,
				C4EDAA93201C5B1F009F80AB /* main.swift */,
				15A141B7B07431C2AF43DCF0 /* Config.swift */,
				15A1449315D63A051C0048F4 /* view */,
			);
			path = mofi;
			sourceTree = "<group>";
		};
		C4EDAA97201E22F3009F80AB /* Frameworks */ = {
			isa = PBXGroup;
			children = (
				C4EDAA98201E22F3009F80AB /* Yams.framework */,
			);
			name = Frameworks;
			sourceTree = "<group>";
		};
/* End PBXGroup section */

/* Begin PBXNativeTarget section */
		C44A99BF201B74AC00482437 /* mofi */ = {
			isa = PBXNativeTarget;
			buildConfigurationList = C44A99D0201B74AC00482437 /* Build configuration list for PBXNativeTarget "mofi" */;
			buildPhases = (
				C44A99BC201B74AC00482437 /* Sources */,
				C44A99BD201B74AC00482437 /* Frameworks */,
				C44A99BE201B74AC00482437 /* Resources */,
				C4EDAA9A201E2313009F80AB /* ShellScript */,
			);
			buildRules = (
			);
			dependencies = (
			);
			name = mofi;
			productName = mofi;
			productReference = C44A99C0201B74AC00482437 /* mofi.app */;
			productType = "com.apple.product-type.application";
		};
/* End PBXNativeTarget section */

/* Begin PBXProject section */
		C44A99B8201B74AC00482437 /* Project object */ = {
			isa = PBXProject;
			attributes = {
				LastSwiftUpdateCheck = 0920;
				LastUpgradeCheck = 0920;
				ORGANIZATIONNAME = "Kazuki Yamamoto";
				TargetAttributes = {
					C44A99BF201B74AC00482437 = {
						CreatedOnToolsVersion = 9.2;
						ProvisioningStyle = Automatic;
					};
				};
			};
			buildConfigurationList = C44A99BB201B74AC00482437 /* Build configuration list for PBXProject "mofi" */;
			compatibilityVersion = "Xcode 8.0";
			developmentRegion = en;
			hasScannedForEncodings = 0;
			knownRegions = (
				en,
				Base,
			);
			mainGroup = C44A99B7201B74AC00482437;
			productRefGroup = C44A99C1201B74AC00482437 /* Products */;
			projectDirPath = "";
			projectRoot = "";
			targets = (
				C44A99BF201B74AC00482437 /* mofi */,
			);
		};
/* End PBXProject section */

/* Begin PBXResourcesBuildPhase section */
		C44A99BE201B74AC00482437 /* Resources */ = {
			isa = PBXResourcesBuildPhase;
			buildActionMask = 2147483647;
			files = (
				C44A99C8201B74AC00482437 /* Assets.xcassets in Resources */,
			);
			runOnlyForDeploymentPostprocessing = 0;
		};
/* End PBXResourcesBuildPhase section */

/* Begin PBXShellScriptBuildPhase section */
		C4EDAA9A201E2313009F80AB /* ShellScript */ = {
			isa = PBXShellScriptBuildPhase;
			buildActionMask = 2147483647;
			files = (
			);
			inputPaths = (
				"$(SRCROOT)/Carthage/Build/Mac/Yams.framework",
			);
			outputPaths = (
			);
			runOnlyForDeploymentPostprocessing = 0;
			shellPath = /bin/sh;
			shellScript = "/usr/local/bin/carthage copy-frameworks";
		};
/* End PBXShellScriptBuildPhase section */

/* Begin PBXSourcesBuildPhase section */
		C44A99BC201B74AC00482437 /* Sources */ = {
			isa = PBXSourcesBuildPhase;
			buildActionMask = 2147483647;
			files = (
				C4EDAA94201C5B1F009F80AB /* main.swift in Sources */,
				C44A99C4201B74AC00482437 /* AppDelegate.swift in Sources */,
				15A14284E690F6B8B5B58D9B /* Config.swift in Sources */,
				15A14B39AB8A4E4D7CB2E73D /* BorderView.swift in Sources */,
				15A142AB558ED3E9B7EF5AE2 /* MofiWindow.swift in Sources */,
				15A14A0BD858323C746F1445 /* MofiTableView.swift in Sources */,
				15A14B0FE6978F2B5B1417CD /* SearchTextField.swift in Sources */,
			);
			runOnlyForDeploymentPostprocessing = 0;
		};
/* End PBXSourcesBuildPhase section */

/* Begin XCBuildConfiguration section */
		C44A99CE201B74AC00482437 /* Debug */ = {
			isa = XCBuildConfiguration;
			buildSettings = {
				ALWAYS_SEARCH_USER_PATHS = NO;
				CLANG_ANALYZER_NONNULL = YES;
				CLANG_ANALYZER_NUMBER_OBJECT_CONVERSION = YES_AGGRESSIVE;
				CLANG_CXX_LANGUAGE_STANDARD = "gnu++14";
				CLANG_CXX_LIBRARY = "libc++";
				CLANG_ENABLE_MODULES = YES;
				CLANG_ENABLE_OBJC_ARC = YES;
				CLANG_WARN_BLOCK_CAPTURE_AUTORELEASING = YES;
				CLANG_WARN_BOOL_CONVERSION = YES;
				CLANG_WARN_COMMA = YES;
				CLANG_WARN_CONSTANT_CONVERSION = YES;
				CLANG_WARN_DIRECT_OBJC_ISA_USAGE = YES_ERROR;
				CLANG_WARN_DOCUMENTATION_COMMENTS = YES;
				CLANG_WARN_EMPTY_BODY = YES;
				CLANG_WARN_ENUM_CONVERSION = YES;
				CLANG_WARN_INFINITE_RECURSION = YES;
				CLANG_WARN_INT_CONVERSION = YES;
				CLANG_WARN_NON_LITERAL_NULL_CONVERSION = YES;
				CLANG_WARN_OBJC_LITERAL_CONVERSION = YES;
				CLANG_WARN_OBJC_ROOT_CLASS = YES_ERROR;
				CLANG_WARN_RANGE_LOOP_ANALYSIS = YES;
				CLANG_WARN_STRICT_PROTOTYPES = YES;
				CLANG_WARN_SUSPICIOUS_MOVE = YES;
				CLANG_WARN_UNGUARDED_AVAILABILITY = YES_AGGRESSIVE;
				CLANG_WARN_UNREACHABLE_CODE = YES;
				CLANG_WARN__DUPLICATE_METHOD_MATCH = YES;
				CODE_SIGN_IDENTITY = "-";
				COPY_PHASE_STRIP = NO;
				DEBUG_INFORMATION_FORMAT = dwarf;
				ENABLE_STRICT_OBJC_MSGSEND = YES;
				ENABLE_TESTABILITY = YES;
				GCC_C_LANGUAGE_STANDARD = gnu11;
				GCC_DYNAMIC_NO_PIC = NO;
				GCC_NO_COMMON_BLOCKS = YES;
				GCC_OPTIMIZATION_LEVEL = 0;
				GCC_PREPROCESSOR_DEFINITIONS = (
					"DEBUG=1",
					"$(inherited)",
				);
				GCC_WARN_64_TO_32_BIT_CONVERSION = YES;
				GCC_WARN_ABOUT_RETURN_TYPE = YES_ERROR;
				GCC_WARN_UNDECLARED_SELECTOR = YES;
				GCC_WARN_UNINITIALIZED_AUTOS = YES_AGGRESSIVE;
				GCC_WARN_UNUSED_FUNCTION = YES;
				GCC_WARN_UNUSED_VARIABLE = YES;
				MACOSX_DEPLOYMENT_TARGET = 10.13;
				MTL_ENABLE_DEBUG_INFO = YES;
				ONLY_ACTIVE_ARCH = YES;
				SDKROOT = macosx;
				SWIFT_ACTIVE_COMPILATION_CONDITIONS = DEBUG;
				SWIFT_OPTIMIZATION_LEVEL = "-Onone";
			};
			name = Debug;
		};
		C44A99CF201B74AC00482437 /* Release */ = {
			isa = XCBuildConfiguration;
			buildSettings = {
				ALWAYS_SEARCH_USER_PATHS = NO;
				CLANG_ANALYZER_NONNULL = YES;
				CLANG_ANALYZER_NUMBER_OBJECT_CONVERSION = YES_AGGRESSIVE;
				CLANG_CXX_LANGUAGE_STANDARD = "gnu++14";
				CLANG_CXX_LIBRARY = "libc++";
				CLANG_ENABLE_MODULES = YES;
				CLANG_ENABLE_OBJC_ARC = YES;
				CLANG_WARN_BLOCK_CAPTURE_AUTORELEASING = YES;
				CLANG_WARN_BOOL_CONVERSION = YES;
				CLANG_WARN_COMMA = YES;
				CLANG_WARN_CONSTANT_CONVERSION = YES;
				CLANG_WARN_DIRECT_OBJC_ISA_USAGE = YES_ERROR;
				CLANG_WARN_DOCUMENTATION_COMMENTS = YES;
				CLANG_WARN_EMPTY_BODY = YES;
				CLANG_WARN_ENUM_CONVERSION = YES;
				CLANG_WARN_INFINITE_RECURSION = YES;
				CLANG_WARN_INT_CONVERSION = YES;
				CLANG_WARN_NON_LITERAL_NULL_CONVERSION = YES;
				CLANG_WARN_OBJC_LITERAL_CONVERSION = YES;
				CLANG_WARN_OBJC_ROOT_CLASS = YES_ERROR;
				CLANG_WARN_RANGE_LOOP_ANALYSIS = YES;
				CLANG_WARN_STRICT_PROTOTYPES = YES;
				CLANG_WARN_SUSPICIOUS_MOVE = YES;
				CLANG_WARN_UNGUARDED_AVAILABILITY = YES_AGGRESSIVE;
				CLANG_WARN_UNREACHABLE_CODE = YES;
				CLANG_WARN__DUPLICATE_METHOD_MATCH = YES;
				CODE_SIGN_IDENTITY = "-";
				COPY_PHASE_STRIP = NO;
				DEBUG_INFORMATION_FORMAT = "dwarf-with-dsym";
				ENABLE_NS_ASSERTIONS = NO;
				ENABLE_STRICT_OBJC_MSGSEND = YES;
				GCC_C_LANGUAGE_STANDARD = gnu11;
				GCC_NO_COMMON_BLOCKS = YES;
				GCC_WARN_64_TO_32_BIT_CONVERSION = YES;
				GCC_WARN_ABOUT_RETURN_TYPE = YES_ERROR;
				GCC_WARN_UNDECLARED_SELECTOR = YES;
				GCC_WARN_UNINITIALIZED_AUTOS = YES_AGGRESSIVE;
				GCC_WARN_UNUSED_FUNCTION = YES;
				GCC_WARN_UNUSED_VARIABLE = YES;
				MACOSX_DEPLOYMENT_TARGET = 10.13;
				MTL_ENABLE_DEBUG_INFO = NO;
				SDKROOT = macosx;
				SWIFT_OPTIMIZATION_LEVEL = "-Owholemodule";
			};
			name = Release;
		};
		C44A99D1201B74AC00482437 /* Debug */ = {
			isa = XCBuildConfiguration;
			buildSettings = {
				ASSETCATALOG_COMPILER_APPICON_NAME = AppIcon;
				CODE_SIGN_ENTITLEMENTS = mofi/mofi.entitlements;
				CODE_SIGN_STYLE = Automatic;
				COMBINE_HIDPI_IMAGES = YES;
				FRAMEWORK_SEARCH_PATHS = (
					"$(inherited)",
					"$(PROJECT_DIR)/Carthage/Build/Mac",
				);
				INFOPLIST_FILE = mofi/Info.plist;
				LD_RUNPATH_SEARCH_PATHS = "$(inherited) @executable_path/../Frameworks";
				PRODUCT_BUNDLE_IDENTIFIER = jp.crocus.mofi;
				PRODUCT_NAME = "$(TARGET_NAME)";
				SWIFT_VERSION = 4.0;
			};
			name = Debug;
		};
		C44A99D2201B74AC00482437 /* Release */ = {
			isa = XCBuildConfiguration;
			buildSettings = {
				ASSETCATALOG_COMPILER_APPICON_NAME = AppIcon;
				CODE_SIGN_ENTITLEMENTS = mofi/mofi.entitlements;
				CODE_SIGN_STYLE = Automatic;
				COMBINE_HIDPI_IMAGES = YES;
				FRAMEWORK_SEARCH_PATHS = (
					"$(inherited)",
					"$(PROJECT_DIR)/Carthage/Build/Mac",
				);
				INFOPLIST_FILE = mofi/Info.plist;
				LD_RUNPATH_SEARCH_PATHS = "$(inherited) @executable_path/../Frameworks";
				PRODUCT_BUNDLE_IDENTIFIER = jp.crocus.mofi;
				PRODUCT_NAME = "$(TARGET_NAME)";
				SWIFT_VERSION = 4.0;
			};
			name = Release;
		};
/* End XCBuildConfiguration section */

/* Begin XCConfigurationList section */
		C44A99BB201B74AC00482437 /* Build configuration list for PBXProject "mofi" */ = {
			isa = XCConfigurationList;
			buildConfigurations = (
				C44A99CE201B74AC00482437 /* Debug */,
				C44A99CF201B74AC00482437 /* Release */,
			);
			defaultConfigurationIsVisible = 0;
			defaultConfigurationName = Release;
		};
		C44A99D0201B74AC00482437 /* Build configuration list for PBXNativeTarget "mofi" */ = {
			isa = XCConfigurationList;
			buildConfigurations = (
				C44A99D1201B74AC00482437 /* Debug */,
				C44A99D2201B74AC00482437 /* Release */,
			);
			defaultConfigurationIsVisible = 0;
			defaultConfigurationName = Release;
		};
/* End XCConfigurationList section */
	};
	rootObject = C44A99B8201B74AC00482437 /* Project object */;
}
